
Microsoft Visual Studio Solution File, Format Version 12.00
# Visual Studio 14
VisualStudioVersion = 14.0.23107.0
MinimumVisualStudioVersion = 10.0.40219.1
Project("{FAE04EC0-301F-11D3-BF4B-00C04F79EFBC}") = "01.SquareRoot", "01.SquareRoot\01.SquareRoot.csproj", "{F1869DF5-B064-421C-911A-23ABF4AF29A7}"
EndProject
Project("{FAE04EC0-301F-11D3-BF4B-00C04F79EFBC}") = "02.EnterNumbers", "02.EnterNumbers\02.EnterNumbers.csproj", "{9EAE23FE-9187-4E57-A50E-8BE157AB9672}"
EndProject
Global
	GlobalSection(SolutionConfigurationPlatforms) = preSolution
		Debug|Any CPU = Debug|Any CPU
		Release|Any CPU = Release|Any CPU
	EndGlobalSection
	GlobalSection(ProjectConfigurationPlatforms) = postSolution
		{F1869DF5-B064-421C-911A-23ABF4AF29A7}.Debug|Any CPU.ActiveCfg = Debug|Any CPU
		{F1869DF5-B064-421C-911A-23ABF4AF29A7}.Debug|Any CPU.Build.0 = Debug|Any CPU
		{F1869DF5-B064-421C-911A-23ABF4AF29A7}.Release|Any CPU.ActiveCfg = Release|Any CPU
		{F1869DF5-B064-421C-911A-23ABF4AF29A7}.Release|Any CPU.Build.0 = Release|Any CPU
		{9EAE23FE-9187-4E57-A50E-8BE157AB9672}.Debug|Any CPU.ActiveCfg = Debug|Any CPU
		{9EAE23FE-9187-4E57-A50E-8BE157AB9672}.Debug|Any CPU.Build.0 = Debug|Any CPU
		{9EAE23FE-9187-4E57-A50E-8BE157AB9672}.Release|Any CPU.ActiveCfg = Release|Any CPU
		{9EAE23FE-9187-4E57-A50E-8BE157AB9672}.Release|Any CPU.Build.0 = Release|Any CPU
	EndGlobalSection
	GlobalSection(SolutionProperties) = preSolution
		HideSolutionNode = FALSE
	EndGlobalSection
EndGlobal
