
Microsoft Visual Studio Solution File, Format Version 12.00
# Visual Studio 14
VisualStudioVersion = 14.0.24720.0
MinimumVisualStudioVersion = 10.0.40219.1
Project("{FAE04EC0-301F-11D3-BF4B-00C04F79EFBC}") = "ChepelareHotelBookingSystem", "HotelBookingSystem\ChepelareHotelBookingSystem.csproj", "{45C30131-BED7-4495-86EF-09FF9C4E7193}"
EndProject
Project("{FAE04EC0-301F-11D3-BF4B-00C04F79EFBC}") = "HotelBookingSystem.Tests", "HotelBookingSystem.Tests\HotelBookingSystem.Tests.csproj", "{A2E53A3C-A703-43E4-8D2F-5586F8FFC961}"
EndProject
Global
	GlobalSection(SolutionConfigurationPlatforms) = preSolution
		Debug|Any CPU = Debug|Any CPU
		Release|Any CPU = Release|Any CPU
	EndGlobalSection
	GlobalSection(ProjectConfigurationPlatforms) = postSolution
		{45C30131-BED7-4495-86EF-09FF9C4E7193}.Debug|Any CPU.ActiveCfg = Debug|Any CPU
		{45C30131-BED7-4495-86EF-09FF9C4E7193}.Debug|Any CPU.Build.0 = Debug|Any CPU
		{45C30131-BED7-4495-86EF-09FF9C4E7193}.Release|Any CPU.ActiveCfg = Release|Any CPU
		{45C30131-BED7-4495-86EF-09FF9C4E7193}.Release|Any CPU.Build.0 = Release|Any CPU
		{A2E53A3C-A703-43E4-8D2F-5586F8FFC961}.Debug|Any CPU.ActiveCfg = Debug|Any CPU
		{A2E53A3C-A703-43E4-8D2F-5586F8FFC961}.Debug|Any CPU.Build.0 = Debug|Any CPU
		{A2E53A3C-A703-43E4-8D2F-5586F8FFC961}.Release|Any CPU.ActiveCfg = Release|Any CPU
		{A2E53A3C-A703-43E4-8D2F-5586F8FFC961}.Release|Any CPU.Build.0 = Release|Any CPU
	EndGlobalSection
	GlobalSection(SolutionProperties) = preSolution
		HideSolutionNode = FALSE
	EndGlobalSection
EndGlobal
