
Microsoft Visual Studio Solution File, Format Version 12.00
# Visual Studio 14
VisualStudioVersion = 14.0.25123.0
MinimumVisualStudioVersion = 10.0.40219.1
Project("{FAE04EC0-301F-11D3-BF4B-00C04F79EFBC}") = "01.FibonacciSequence", "01.FibonacciSequence\01.FibonacciSequence.csproj", "{9E65C5E9-F06E-42EB-B8CC-586A9C197C11}"
EndProject
Project("{FAE04EC0-301F-11D3-BF4B-00C04F79EFBC}") = "02.DrawBinaryTree", "02.DrawBinaryTree\02.DrawBinaryTree.csproj", "{9524DDF4-6FD9-46D3-8BC1-72EE219A00A3}"
EndProject
Global
	GlobalSection(SolutionConfigurationPlatforms) = preSolution
		Debug|Any CPU = Debug|Any CPU
		Release|Any CPU = Release|Any CPU
	EndGlobalSection
	GlobalSection(ProjectConfigurationPlatforms) = postSolution
		{9E65C5E9-F06E-42EB-B8CC-586A9C197C11}.Debug|Any CPU.ActiveCfg = Debug|Any CPU
		{9E65C5E9-F06E-42EB-B8CC-586A9C197C11}.Debug|Any CPU.Build.0 = Debug|Any CPU
		{9E65C5E9-F06E-42EB-B8CC-586A9C197C11}.Release|Any CPU.ActiveCfg = Release|Any CPU
		{9E65C5E9-F06E-42EB-B8CC-586A9C197C11}.Release|Any CPU.Build.0 = Release|Any CPU
		{9524DDF4-6FD9-46D3-8BC1-72EE219A00A3}.Debug|Any CPU.ActiveCfg = Debug|Any CPU
		{9524DDF4-6FD9-46D3-8BC1-72EE219A00A3}.Debug|Any CPU.Build.0 = Debug|Any CPU
		{9524DDF4-6FD9-46D3-8BC1-72EE219A00A3}.Release|Any CPU.ActiveCfg = Release|Any CPU
		{9524DDF4-6FD9-46D3-8BC1-72EE219A00A3}.Release|Any CPU.Build.0 = Release|Any CPU
	EndGlobalSection
	GlobalSection(SolutionProperties) = preSolution
		HideSolutionNode = FALSE
	EndGlobalSection
EndGlobal
