
Microsoft Visual Studio Solution File, Format Version 12.00
# Visual Studio 14
VisualStudioVersion = 14.0.25420.1
MinimumVisualStudioVersion = 10.0.40219.1
Project("{FAE04EC0-301F-11D3-BF4B-00C04F79EFBC}") = "Exercise", "Exercise\Exercise.csproj", "{CA90C7BC-431F-49E9-B242-71FA3C454892}"
EndProject
Project("{FAE04EC0-301F-11D3-BF4B-00C04F79EFBC}") = "Gringotts", "Gringotts\Gringotts.csproj", "{601DF221-9B4D-4402-83CB-8E49FD1A743D}"
EndProject
Global
	GlobalSection(SolutionConfigurationPlatforms) = preSolution
		Debug|Any CPU = Debug|Any CPU
		Release|Any CPU = Release|Any CPU
	EndGlobalSection
	GlobalSection(ProjectConfigurationPlatforms) = postSolution
		{CA90C7BC-431F-49E9-B242-71FA3C454892}.Debug|Any CPU.ActiveCfg = Debug|Any CPU
		{CA90C7BC-431F-49E9-B242-71FA3C454892}.Debug|Any CPU.Build.0 = Debug|Any CPU
		{CA90C7BC-431F-49E9-B242-71FA3C454892}.Release|Any CPU.ActiveCfg = Release|Any CPU
		{CA90C7BC-431F-49E9-B242-71FA3C454892}.Release|Any CPU.Build.0 = Release|Any CPU
		{601DF221-9B4D-4402-83CB-8E49FD1A743D}.Debug|Any CPU.ActiveCfg = Debug|Any CPU
		{601DF221-9B4D-4402-83CB-8E49FD1A743D}.Debug|Any CPU.Build.0 = Debug|Any CPU
		{601DF221-9B4D-4402-83CB-8E49FD1A743D}.Release|Any CPU.ActiveCfg = Release|Any CPU
		{601DF221-9B4D-4402-83CB-8E49FD1A743D}.Release|Any CPU.Build.0 = Release|Any CPU
	EndGlobalSection
	GlobalSection(SolutionProperties) = preSolution
		HideSolutionNode = FALSE
	EndGlobalSection
EndGlobal
