
Microsoft Visual Studio Solution File, Format Version 12.00
# Visual Studio 14
VisualStudioVersion = 14.0.24720.0
MinimumVisualStudioVersion = 10.0.40219.1
Project("{FAE04EC0-301F-11D3-BF4B-00C04F79EFBC}") = "01.BunkerBuster", "01.BunkerBuster\01.BunkerBuster.csproj", "{66FA79F3-4D99-47FE-9846-8179D4F22F59}"
EndProject
Project("{FAE04EC0-301F-11D3-BF4B-00C04F79EFBC}") = "02.LegoBlock", "02.LegoBlock\02.LegoBlock.csproj", "{89A59677-118B-47E3-A8F0-F0FA82B2E30F}"
EndProject
Project("{FAE04EC0-301F-11D3-BF4B-00C04F79EFBC}") = "03.ArraySlider", "03.ArraySlider\03.ArraySlider.csproj", "{ED216DEB-78B1-470B-A667-7295E80CA9C4}"
EndProject
Project("{FAE04EC0-301F-11D3-BF4B-00C04F79EFBC}") = "04.ArrayManipulator", "04.ArrayManipulator\04.ArrayManipulator.csproj", "{E5DB0F16-E4B9-454B-AB04-C9E2B3FA6BF0}"
EndProject
Global
	GlobalSection(SolutionConfigurationPlatforms) = preSolution
		Debug|Any CPU = Debug|Any CPU
		Release|Any CPU = Release|Any CPU
	EndGlobalSection
	GlobalSection(ProjectConfigurationPlatforms) = postSolution
		{66FA79F3-4D99-47FE-9846-8179D4F22F59}.Debug|Any CPU.ActiveCfg = Debug|Any CPU
		{66FA79F3-4D99-47FE-9846-8179D4F22F59}.Debug|Any CPU.Build.0 = Debug|Any CPU
		{66FA79F3-4D99-47FE-9846-8179D4F22F59}.Release|Any CPU.ActiveCfg = Release|Any CPU
		{66FA79F3-4D99-47FE-9846-8179D4F22F59}.Release|Any CPU.Build.0 = Release|Any CPU
		{89A59677-118B-47E3-A8F0-F0FA82B2E30F}.Debug|Any CPU.ActiveCfg = Debug|Any CPU
		{89A59677-118B-47E3-A8F0-F0FA82B2E30F}.Debug|Any CPU.Build.0 = Debug|Any CPU
		{89A59677-118B-47E3-A8F0-F0FA82B2E30F}.Release|Any CPU.ActiveCfg = Release|Any CPU
		{89A59677-118B-47E3-A8F0-F0FA82B2E30F}.Release|Any CPU.Build.0 = Release|Any CPU
		{ED216DEB-78B1-470B-A667-7295E80CA9C4}.Debug|Any CPU.ActiveCfg = Debug|Any CPU
		{ED216DEB-78B1-470B-A667-7295E80CA9C4}.Debug|Any CPU.Build.0 = Debug|Any CPU
		{ED216DEB-78B1-470B-A667-7295E80CA9C4}.Release|Any CPU.ActiveCfg = Release|Any CPU
		{ED216DEB-78B1-470B-A667-7295E80CA9C4}.Release|Any CPU.Build.0 = Release|Any CPU
		{E5DB0F16-E4B9-454B-AB04-C9E2B3FA6BF0}.Debug|Any CPU.ActiveCfg = Debug|Any CPU
		{E5DB0F16-E4B9-454B-AB04-C9E2B3FA6BF0}.Debug|Any CPU.Build.0 = Debug|Any CPU
		{E5DB0F16-E4B9-454B-AB04-C9E2B3FA6BF0}.Release|Any CPU.ActiveCfg = Release|Any CPU
		{E5DB0F16-E4B9-454B-AB04-C9E2B3FA6BF0}.Release|Any CPU.Build.0 = Release|Any CPU
	EndGlobalSection
	GlobalSection(SolutionProperties) = preSolution
		HideSolutionNode = FALSE
	EndGlobalSection
EndGlobal
