
Microsoft Visual Studio Solution File, Format Version 12.00
# Visual Studio 14
VisualStudioVersion = 14.0.23107.0
MinimumVisualStudioVersion = 10.0.40219.1
Project("{FAE04EC0-301F-11D3-BF4B-00C04F79EFBC}") = "01.Point3D", "01.Point3D\01.Point3D.csproj", "{E922EBDE-687E-46D0-9020-A10582B86B54}"
EndProject
Project("{FAE04EC0-301F-11D3-BF4B-00C04F79EFBC}") = "02.DistanceCalc", "02.DistanceCalc\02.DistanceCalc.csproj", "{678C0CCE-931A-49A1-BFC8-508D886380A1}"
EndProject
Project("{FAE04EC0-301F-11D3-BF4B-00C04F79EFBC}") = "03.Paths", "03.Paths\03.Paths.csproj", "{2DA2F707-9707-44A3-99AE-37137DBE3F34}"
EndProject
Project("{FAE04EC0-301F-11D3-BF4B-00C04F79EFBC}") = "04.Namespaces", "04.Namespaces\04.Namespaces.csproj", "{F7E60FAE-83AB-4223-8C02-43BA2805243F}"
EndProject
Project("{FAE04EC0-301F-11D3-BF4B-00C04F79EFBC}") = "05.HTMLDispatcher", "05.HTMLDispatcher\05.HTMLDispatcher.csproj", "{BE2378FA-B512-4A04-A115-46EABFF41BB0}"
EndProject
Global
	GlobalSection(SolutionConfigurationPlatforms) = preSolution
		Debug|Any CPU = Debug|Any CPU
		Release|Any CPU = Release|Any CPU
	EndGlobalSection
	GlobalSection(ProjectConfigurationPlatforms) = postSolution
		{E922EBDE-687E-46D0-9020-A10582B86B54}.Debug|Any CPU.ActiveCfg = Debug|Any CPU
		{E922EBDE-687E-46D0-9020-A10582B86B54}.Debug|Any CPU.Build.0 = Debug|Any CPU
		{E922EBDE-687E-46D0-9020-A10582B86B54}.Release|Any CPU.ActiveCfg = Release|Any CPU
		{E922EBDE-687E-46D0-9020-A10582B86B54}.Release|Any CPU.Build.0 = Release|Any CPU
		{678C0CCE-931A-49A1-BFC8-508D886380A1}.Debug|Any CPU.ActiveCfg = Debug|Any CPU
		{678C0CCE-931A-49A1-BFC8-508D886380A1}.Debug|Any CPU.Build.0 = Debug|Any CPU
		{678C0CCE-931A-49A1-BFC8-508D886380A1}.Release|Any CPU.ActiveCfg = Release|Any CPU
		{678C0CCE-931A-49A1-BFC8-508D886380A1}.Release|Any CPU.Build.0 = Release|Any CPU
		{2DA2F707-9707-44A3-99AE-37137DBE3F34}.Debug|Any CPU.ActiveCfg = Debug|Any CPU
		{2DA2F707-9707-44A3-99AE-37137DBE3F34}.Debug|Any CPU.Build.0 = Debug|Any CPU
		{2DA2F707-9707-44A3-99AE-37137DBE3F34}.Release|Any CPU.ActiveCfg = Release|Any CPU
		{2DA2F707-9707-44A3-99AE-37137DBE3F34}.Release|Any CPU.Build.0 = Release|Any CPU
		{F7E60FAE-83AB-4223-8C02-43BA2805243F}.Debug|Any CPU.ActiveCfg = Debug|Any CPU
		{F7E60FAE-83AB-4223-8C02-43BA2805243F}.Debug|Any CPU.Build.0 = Debug|Any CPU
		{F7E60FAE-83AB-4223-8C02-43BA2805243F}.Release|Any CPU.ActiveCfg = Release|Any CPU
		{F7E60FAE-83AB-4223-8C02-43BA2805243F}.Release|Any CPU.Build.0 = Release|Any CPU
		{BE2378FA-B512-4A04-A115-46EABFF41BB0}.Debug|Any CPU.ActiveCfg = Debug|Any CPU
		{BE2378FA-B512-4A04-A115-46EABFF41BB0}.Debug|Any CPU.Build.0 = Debug|Any CPU
		{BE2378FA-B512-4A04-A115-46EABFF41BB0}.Release|Any CPU.ActiveCfg = Release|Any CPU
		{BE2378FA-B512-4A04-A115-46EABFF41BB0}.Release|Any CPU.Build.0 = Release|Any CPU
	EndGlobalSection
	GlobalSection(SolutionProperties) = preSolution
		HideSolutionNode = FALSE
	EndGlobalSection
EndGlobal
