
Microsoft Visual Studio Solution File, Format Version 12.00
# Visual Studio 14
VisualStudioVersion = 14.0.25123.0
MinimumVisualStudioVersion = 10.0.40219.1
Project("{FAE04EC0-301F-11D3-BF4B-00C04F79EFBC}") = "01.CensorEmail", "01.CensorEmail\01.CensorEmail.csproj", "{349D8283-F336-43CC-8DA4-D75E1FC6966E}"
EndProject
Project("{FAE04EC0-301F-11D3-BF4B-00C04F79EFBC}") = "02.ReverseString", "02.ReverseString\02.ReverseString.csproj", "{1BCF1CE2-F5FA-4BF9-AE62-982C1FE89056}"
EndProject
Project("{FAE04EC0-301F-11D3-BF4B-00C04F79EFBC}") = "03.StringLength", "03.StringLength\03.StringLength.csproj", "{845D9CF4-1B7A-4742-AE1B-E4AE7F7AEFF3}"
EndProject
Project("{FAE04EC0-301F-11D3-BF4B-00C04F79EFBC}") = "04.ExtractSentences", "04.ExtractSentances\04.ExtractSentences.csproj", "{5A5AB27F-A22D-4DD1-BD0B-047BB2CA843A}"
EndProject
Project("{FAE04EC0-301F-11D3-BF4B-00C04F79EFBC}") = "05.UrlParser", "05.UrlParser\05.UrlParser.csproj", "{507908CB-96C6-46DF-96A6-B2AEBA9356D2}"
EndProject
Project("{FAE04EC0-301F-11D3-BF4B-00C04F79EFBC}") = "06.ReverseWords", "06.ReverseWords\06.ReverseWords.csproj", "{6C579757-AB00-4BB0-A5A3-C89ED3D59B46}"
EndProject
Project("{FAE04EC0-301F-11D3-BF4B-00C04F79EFBC}") = "07.ToUpper", "07.ToUpper\07.ToUpper.csproj", "{4E1E9A1A-B2BA-4943-ACF7-BD1B8AEEFB22}"
EndProject
Project("{FAE04EC0-301F-11D3-BF4B-00C04F79EFBC}") = "08.Palindromes", "08.Palindromes\08.Palindromes.csproj", "{FC177FEC-0CB6-4CD0-9B90-F40A3AFC7328}"
EndProject
Project("{FAE04EC0-301F-11D3-BF4B-00C04F79EFBC}") = "09.Capitalization", "09.Capitalization\09.Capitalization.csproj", "{5EF31D85-8AF5-4DB6-89B8-7840CCCE8105}"
EndProject
Project("{FAE04EC0-301F-11D3-BF4B-00C04F79EFBC}") = "10.PalindromeIndex", "10.PalindromeIndex\10.PalindromeIndex.csproj", "{627F0863-0E8B-4FFE-B7B1-7B4D6B69E249}"
EndProject
Project("{FAE04EC0-301F-11D3-BF4B-00C04F79EFBC}") = "11.CommonStrings", "11.CommonStrings\11.CommonStrings.csproj", "{4DE77AA2-49FB-430E-9775-5D332B142466}"
EndProject
Project("{FAE04EC0-301F-11D3-BF4B-00C04F79EFBC}") = "12.PhoneBook", "12.PhoneBook\12.PhoneBook.csproj", "{8A9FF34A-9097-4C48-B5F1-20C2209E0641}"
EndProject
Global
	GlobalSection(SolutionConfigurationPlatforms) = preSolution
		Debug|Any CPU = Debug|Any CPU
		Release|Any CPU = Release|Any CPU
	EndGlobalSection
	GlobalSection(ProjectConfigurationPlatforms) = postSolution
		{349D8283-F336-43CC-8DA4-D75E1FC6966E}.Debug|Any CPU.ActiveCfg = Debug|Any CPU
		{349D8283-F336-43CC-8DA4-D75E1FC6966E}.Debug|Any CPU.Build.0 = Debug|Any CPU
		{349D8283-F336-43CC-8DA4-D75E1FC6966E}.Release|Any CPU.ActiveCfg = Release|Any CPU
		{349D8283-F336-43CC-8DA4-D75E1FC6966E}.Release|Any CPU.Build.0 = Release|Any CPU
		{1BCF1CE2-F5FA-4BF9-AE62-982C1FE89056}.Debug|Any CPU.ActiveCfg = Debug|Any CPU
		{1BCF1CE2-F5FA-4BF9-AE62-982C1FE89056}.Debug|Any CPU.Build.0 = Debug|Any CPU
		{1BCF1CE2-F5FA-4BF9-AE62-982C1FE89056}.Release|Any CPU.ActiveCfg = Release|Any CPU
		{1BCF1CE2-F5FA-4BF9-AE62-982C1FE89056}.Release|Any CPU.Build.0 = Release|Any CPU
		{845D9CF4-1B7A-4742-AE1B-E4AE7F7AEFF3}.Debug|Any CPU.ActiveCfg = Debug|Any CPU
		{845D9CF4-1B7A-4742-AE1B-E4AE7F7AEFF3}.Debug|Any CPU.Build.0 = Debug|Any CPU
		{845D9CF4-1B7A-4742-AE1B-E4AE7F7AEFF3}.Release|Any CPU.ActiveCfg = Release|Any CPU
		{845D9CF4-1B7A-4742-AE1B-E4AE7F7AEFF3}.Release|Any CPU.Build.0 = Release|Any CPU
		{5A5AB27F-A22D-4DD1-BD0B-047BB2CA843A}.Debug|Any CPU.ActiveCfg = Debug|Any CPU
		{5A5AB27F-A22D-4DD1-BD0B-047BB2CA843A}.Debug|Any CPU.Build.0 = Debug|Any CPU
		{5A5AB27F-A22D-4DD1-BD0B-047BB2CA843A}.Release|Any CPU.ActiveCfg = Release|Any CPU
		{5A5AB27F-A22D-4DD1-BD0B-047BB2CA843A}.Release|Any CPU.Build.0 = Release|Any CPU
		{507908CB-96C6-46DF-96A6-B2AEBA9356D2}.Debug|Any CPU.ActiveCfg = Debug|Any CPU
		{507908CB-96C6-46DF-96A6-B2AEBA9356D2}.Debug|Any CPU.Build.0 = Debug|Any CPU
		{507908CB-96C6-46DF-96A6-B2AEBA9356D2}.Release|Any CPU.ActiveCfg = Release|Any CPU
		{507908CB-96C6-46DF-96A6-B2AEBA9356D2}.Release|Any CPU.Build.0 = Release|Any CPU
		{6C579757-AB00-4BB0-A5A3-C89ED3D59B46}.Debug|Any CPU.ActiveCfg = Debug|Any CPU
		{6C579757-AB00-4BB0-A5A3-C89ED3D59B46}.Debug|Any CPU.Build.0 = Debug|Any CPU
		{6C579757-AB00-4BB0-A5A3-C89ED3D59B46}.Release|Any CPU.ActiveCfg = Release|Any CPU
		{6C579757-AB00-4BB0-A5A3-C89ED3D59B46}.Release|Any CPU.Build.0 = Release|Any CPU
		{4E1E9A1A-B2BA-4943-ACF7-BD1B8AEEFB22}.Debug|Any CPU.ActiveCfg = Debug|Any CPU
		{4E1E9A1A-B2BA-4943-ACF7-BD1B8AEEFB22}.Debug|Any CPU.Build.0 = Debug|Any CPU
		{4E1E9A1A-B2BA-4943-ACF7-BD1B8AEEFB22}.Release|Any CPU.ActiveCfg = Release|Any CPU
		{4E1E9A1A-B2BA-4943-ACF7-BD1B8AEEFB22}.Release|Any CPU.Build.0 = Release|Any CPU
		{FC177FEC-0CB6-4CD0-9B90-F40A3AFC7328}.Debug|Any CPU.ActiveCfg = Debug|Any CPU
		{FC177FEC-0CB6-4CD0-9B90-F40A3AFC7328}.Debug|Any CPU.Build.0 = Debug|Any CPU
		{FC177FEC-0CB6-4CD0-9B90-F40A3AFC7328}.Release|Any CPU.ActiveCfg = Release|Any CPU
		{FC177FEC-0CB6-4CD0-9B90-F40A3AFC7328}.Release|Any CPU.Build.0 = Release|Any CPU
		{5EF31D85-8AF5-4DB6-89B8-7840CCCE8105}.Debug|Any CPU.ActiveCfg = Debug|Any CPU
		{5EF31D85-8AF5-4DB6-89B8-7840CCCE8105}.Debug|Any CPU.Build.0 = Debug|Any CPU
		{5EF31D85-8AF5-4DB6-89B8-7840CCCE8105}.Release|Any CPU.ActiveCfg = Release|Any CPU
		{5EF31D85-8AF5-4DB6-89B8-7840CCCE8105}.Release|Any CPU.Build.0 = Release|Any CPU
		{627F0863-0E8B-4FFE-B7B1-7B4D6B69E249}.Debug|Any CPU.ActiveCfg = Debug|Any CPU
		{627F0863-0E8B-4FFE-B7B1-7B4D6B69E249}.Debug|Any CPU.Build.0 = Debug|Any CPU
		{627F0863-0E8B-4FFE-B7B1-7B4D6B69E249}.Release|Any CPU.ActiveCfg = Release|Any CPU
		{627F0863-0E8B-4FFE-B7B1-7B4D6B69E249}.Release|Any CPU.Build.0 = Release|Any CPU
		{4DE77AA2-49FB-430E-9775-5D332B142466}.Debug|Any CPU.ActiveCfg = Debug|Any CPU
		{4DE77AA2-49FB-430E-9775-5D332B142466}.Debug|Any CPU.Build.0 = Debug|Any CPU
		{4DE77AA2-49FB-430E-9775-5D332B142466}.Release|Any CPU.ActiveCfg = Release|Any CPU
		{4DE77AA2-49FB-430E-9775-5D332B142466}.Release|Any CPU.Build.0 = Release|Any CPU
		{8A9FF34A-9097-4C48-B5F1-20C2209E0641}.Debug|Any CPU.ActiveCfg = Debug|Any CPU
		{8A9FF34A-9097-4C48-B5F1-20C2209E0641}.Debug|Any CPU.Build.0 = Debug|Any CPU
		{8A9FF34A-9097-4C48-B5F1-20C2209E0641}.Release|Any CPU.ActiveCfg = Release|Any CPU
		{8A9FF34A-9097-4C48-B5F1-20C2209E0641}.Release|Any CPU.Build.0 = Release|Any CPU
	EndGlobalSection
	GlobalSection(SolutionProperties) = preSolution
		HideSolutionNode = FALSE
	EndGlobalSection
EndGlobal
