
Microsoft Visual Studio Solution File, Format Version 12.00
# Visual Studio 14
VisualStudioVersion = 14.0.23107.0
MinimumVisualStudioVersion = 10.0.40219.1
Project("{FAE04EC0-301F-11D3-BF4B-00C04F79EFBC}") = "01.HumanStudentWorker", "01.HumanStudentWorker\01.HumanStudentWorker.csproj", "{C5ADE500-7714-45BE-A83A-FED41ECC38A7}"
EndProject
Project("{FAE04EC0-301F-11D3-BF4B-00C04F79EFBC}") = "02.Animals", "02.Animals\02.Animals.csproj", "{FF707B2F-E91E-47FC-BE60-3ABEDFA07407}"
EndProject
Project("{FAE04EC0-301F-11D3-BF4B-00C04F79EFBC}") = "03.CompanyHierarchy", "03.CompanyHierarchy\03.CompanyHierarchy.csproj", "{CED17D51-8274-465F-8CE4-838FEAEE4AF0}"
EndProject
Global
	GlobalSection(SolutionConfigurationPlatforms) = preSolution
		Debug|Any CPU = Debug|Any CPU
		Release|Any CPU = Release|Any CPU
	EndGlobalSection
	GlobalSection(ProjectConfigurationPlatforms) = postSolution
		{C5ADE500-7714-45BE-A83A-FED41ECC38A7}.Debug|Any CPU.ActiveCfg = Debug|Any CPU
		{C5ADE500-7714-45BE-A83A-FED41ECC38A7}.Debug|Any CPU.Build.0 = Debug|Any CPU
		{C5ADE500-7714-45BE-A83A-FED41ECC38A7}.Release|Any CPU.ActiveCfg = Release|Any CPU
		{C5ADE500-7714-45BE-A83A-FED41ECC38A7}.Release|Any CPU.Build.0 = Release|Any CPU
		{FF707B2F-E91E-47FC-BE60-3ABEDFA07407}.Debug|Any CPU.ActiveCfg = Debug|Any CPU
		{FF707B2F-E91E-47FC-BE60-3ABEDFA07407}.Debug|Any CPU.Build.0 = Debug|Any CPU
		{FF707B2F-E91E-47FC-BE60-3ABEDFA07407}.Release|Any CPU.ActiveCfg = Release|Any CPU
		{FF707B2F-E91E-47FC-BE60-3ABEDFA07407}.Release|Any CPU.Build.0 = Release|Any CPU
		{CED17D51-8274-465F-8CE4-838FEAEE4AF0}.Debug|Any CPU.ActiveCfg = Debug|Any CPU
		{CED17D51-8274-465F-8CE4-838FEAEE4AF0}.Debug|Any CPU.Build.0 = Debug|Any CPU
		{CED17D51-8274-465F-8CE4-838FEAEE4AF0}.Release|Any CPU.ActiveCfg = Release|Any CPU
		{CED17D51-8274-465F-8CE4-838FEAEE4AF0}.Release|Any CPU.Build.0 = Release|Any CPU
	EndGlobalSection
	GlobalSection(SolutionProperties) = preSolution
		HideSolutionNode = FALSE
	EndGlobalSection
EndGlobal
