
Microsoft Visual Studio Solution File, Format Version 12.00
# Visual Studio 14
VisualStudioVersion = 14.0.25123.0
MinimumVisualStudioVersion = 10.0.40219.1
Project("{FAE04EC0-301F-11D3-BF4B-00C04F79EFBC}") = "EntityLab", "EntityLab\EntityLab.csproj", "{EFD23E78-4967-4F57-A092-FA8C1F2604DA}"
EndProject
Global
	GlobalSection(SolutionConfigurationPlatforms) = preSolution
		Debug|Any CPU = Debug|Any CPU
		Release|Any CPU = Release|Any CPU
	EndGlobalSection
	GlobalSection(ProjectConfigurationPlatforms) = postSolution
		{EFD23E78-4967-4F57-A092-FA8C1F2604DA}.Debug|Any CPU.ActiveCfg = Debug|Any CPU
		{EFD23E78-4967-4F57-A092-FA8C1F2604DA}.Debug|Any CPU.Build.0 = Debug|Any CPU
		{EFD23E78-4967-4F57-A092-FA8C1F2604DA}.Release|Any CPU.ActiveCfg = Release|Any CPU
		{EFD23E78-4967-4F57-A092-FA8C1F2604DA}.Release|Any CPU.Build.0 = Release|Any CPU
	EndGlobalSection
	GlobalSection(SolutionProperties) = preSolution
		HideSolutionNode = FALSE
	EndGlobalSection
EndGlobal
