
Microsoft Visual Studio Solution File, Format Version 12.00
# Visual Studio 14
VisualStudioVersion = 14.0.25420.1
MinimumVisualStudioVersion = 10.0.40219.1
Project("{FAE04EC0-301F-11D3-BF4B-00C04F79EFBC}") = "01.GringottsDatabase", "01.GringottsDatabase\01.GringottsDatabase.csproj", "{0071D6C5-383C-4CF3-8194-42C77ADB10DC}"
EndProject
Project("{FAE04EC0-301F-11D3-BF4B-00C04F79EFBC}") = "02.CreateUser", "02.CreateUser\02.CreateUser.csproj", "{2A42CAC4-DE7C-4CC7-80A9-7489767ABCFD}"
EndProject
Project("{FAE04EC0-301F-11D3-BF4B-00C04F79EFBC}") = "03.Hotel", "03.Hotel\03.Hotel.csproj", "{0903AC7F-1315-450A-81DE-E2862D1A0383}"
EndProject
Project("{FAE04EC0-301F-11D3-BF4B-00C04F79EFBC}") = "04.SalesDatabase", "04.SalesDatabase\04.SalesDatabase.csproj", "{9E55CA33-B5DD-4F7E-9D69-5DEBA7AEFC89}"
EndProject
Project("{FAE04EC0-301F-11D3-BF4B-00C04F79EFBC}") = "05.Hospital", "05.Hospital\05.Hospital.csproj", "{673E62A5-D3D0-4042-ABBA-1C41BE665A78}"
EndProject
Project("{FAE04EC0-301F-11D3-BF4B-00C04F79EFBC}") = "Kappa", "Kappa\Kappa.csproj", "{FD29CD0B-75A1-4CB6-B2C0-E6E6FDA94CC3}"
EndProject
Global
	GlobalSection(SolutionConfigurationPlatforms) = preSolution
		Debug|Any CPU = Debug|Any CPU
		Release|Any CPU = Release|Any CPU
	EndGlobalSection
	GlobalSection(ProjectConfigurationPlatforms) = postSolution
		{0071D6C5-383C-4CF3-8194-42C77ADB10DC}.Debug|Any CPU.ActiveCfg = Debug|Any CPU
		{0071D6C5-383C-4CF3-8194-42C77ADB10DC}.Debug|Any CPU.Build.0 = Debug|Any CPU
		{0071D6C5-383C-4CF3-8194-42C77ADB10DC}.Release|Any CPU.ActiveCfg = Release|Any CPU
		{0071D6C5-383C-4CF3-8194-42C77ADB10DC}.Release|Any CPU.Build.0 = Release|Any CPU
		{2A42CAC4-DE7C-4CC7-80A9-7489767ABCFD}.Debug|Any CPU.ActiveCfg = Debug|Any CPU
		{2A42CAC4-DE7C-4CC7-80A9-7489767ABCFD}.Debug|Any CPU.Build.0 = Debug|Any CPU
		{2A42CAC4-DE7C-4CC7-80A9-7489767ABCFD}.Release|Any CPU.ActiveCfg = Release|Any CPU
		{2A42CAC4-DE7C-4CC7-80A9-7489767ABCFD}.Release|Any CPU.Build.0 = Release|Any CPU
		{0903AC7F-1315-450A-81DE-E2862D1A0383}.Debug|Any CPU.ActiveCfg = Debug|Any CPU
		{0903AC7F-1315-450A-81DE-E2862D1A0383}.Debug|Any CPU.Build.0 = Debug|Any CPU
		{0903AC7F-1315-450A-81DE-E2862D1A0383}.Release|Any CPU.ActiveCfg = Release|Any CPU
		{0903AC7F-1315-450A-81DE-E2862D1A0383}.Release|Any CPU.Build.0 = Release|Any CPU
		{9E55CA33-B5DD-4F7E-9D69-5DEBA7AEFC89}.Debug|Any CPU.ActiveCfg = Debug|Any CPU
		{9E55CA33-B5DD-4F7E-9D69-5DEBA7AEFC89}.Debug|Any CPU.Build.0 = Debug|Any CPU
		{9E55CA33-B5DD-4F7E-9D69-5DEBA7AEFC89}.Release|Any CPU.ActiveCfg = Release|Any CPU
		{9E55CA33-B5DD-4F7E-9D69-5DEBA7AEFC89}.Release|Any CPU.Build.0 = Release|Any CPU
		{673E62A5-D3D0-4042-ABBA-1C41BE665A78}.Debug|Any CPU.ActiveCfg = Debug|Any CPU
		{673E62A5-D3D0-4042-ABBA-1C41BE665A78}.Debug|Any CPU.Build.0 = Debug|Any CPU
		{673E62A5-D3D0-4042-ABBA-1C41BE665A78}.Release|Any CPU.ActiveCfg = Release|Any CPU
		{673E62A5-D3D0-4042-ABBA-1C41BE665A78}.Release|Any CPU.Build.0 = Release|Any CPU
		{FD29CD0B-75A1-4CB6-B2C0-E6E6FDA94CC3}.Debug|Any CPU.ActiveCfg = Debug|Any CPU
		{FD29CD0B-75A1-4CB6-B2C0-E6E6FDA94CC3}.Debug|Any CPU.Build.0 = Debug|Any CPU
		{FD29CD0B-75A1-4CB6-B2C0-E6E6FDA94CC3}.Release|Any CPU.ActiveCfg = Release|Any CPU
		{FD29CD0B-75A1-4CB6-B2C0-E6E6FDA94CC3}.Release|Any CPU.Build.0 = Release|Any CPU
	EndGlobalSection
	GlobalSection(SolutionProperties) = preSolution
		HideSolutionNode = FALSE
	EndGlobalSection
EndGlobal
