
Microsoft Visual Studio Solution File, Format Version 12.00
# Visual Studio 14
VisualStudioVersion = 14.0.25123.0
MinimumVisualStudioVersion = 10.0.40219.1
Project("{FAE04EC0-301F-11D3-BF4B-00C04F79EFBC}") = "01.MaxSeqOfEqualElements", "01.MaxSeqOfEqualElements\01.MaxSeqOfEqualElements.csproj", "{C0F1A315-66A0-4658-9FFA-7F9112FBB785}"
EndProject
Project("{FAE04EC0-301F-11D3-BF4B-00C04F79EFBC}") = "02.MatrixOfPalindromes", "02.MatrixOfPalindromes\02.MatrixOfPalindromes.csproj", "{966FB284-4CCB-4E05-A7F9-52B4B68CC3E8}"
EndProject
Project("{FAE04EC0-301F-11D3-BF4B-00C04F79EFBC}") = "03.DiagonalDifference", "02.DiagonalDifference\03.DiagonalDifference.csproj", "{C2250A67-88BE-4004-9C42-DF4E60FF663D}"
EndProject
Project("{FAE04EC0-301F-11D3-BF4B-00C04F79EFBC}") = "04.SquaresInMatrix", "04.SquaresInMatrix\04.SquaresInMatrix.csproj", "{CC180145-C4B1-4F73-ABC0-4C56A2C74A23}"
EndProject
Project("{FAE04EC0-301F-11D3-BF4B-00C04F79EFBC}") = "05.MaxPlatform", "05.MaxPlatform\05.MaxPlatform.csproj", "{759876FA-7DBB-4FEF-AF5C-F66608217D12}"
EndProject
Project("{FAE04EC0-301F-11D3-BF4B-00C04F79EFBC}") = "08.LargestFrameInMatrix", "08.LargestFrameInMatrix\08.LargestFrameInMatrix.csproj", "{5D0E2798-A1A3-46CA-BD14-B2C4942067B6}"
EndProject
Project("{FAE04EC0-301F-11D3-BF4B-00C04F79EFBC}") = "09.LIS", "09.LIS\09.LIS.csproj", "{CBCE00AB-0F78-467E-B012-253CBCDB5CA9}"
EndProject
Project("{FAE04EC0-301F-11D3-BF4B-00C04F79EFBC}") = "06.HourglassSum", "06.HourglassSum\06.HourglassSum.csproj", "{1F826A0F-3088-4FB6-9DED-2E8039D0F928}"
EndProject
Project("{FAE04EC0-301F-11D3-BF4B-00C04F79EFBC}") = "07.Matrices", "07.Matrices\07.Matrices.csproj", "{8E68F236-7A78-445D-8D88-799AE94DB414}"
EndProject
Project("{FAE04EC0-301F-11D3-BF4B-00C04F79EFBC}") = "10.ArrayManipulator", "10.ArrayManipulator\10.ArrayManipulator.csproj", "{074A1AA8-B71E-45D0-803D-13A98E20C436}"
EndProject
Project("{FAE04EC0-301F-11D3-BF4B-00C04F79EFBC}") = "11.SumReversed", "11.SumReversed\11.SumReversed.csproj", "{CD3D60F5-F2A5-4608-A1C5-F99EF7FA0384}"
EndProject
Project("{FAE04EC0-301F-11D3-BF4B-00C04F79EFBC}") = "12.BombArray", "12.BombArray\12.BombArray.csproj", "{06D12634-973D-4D89-B8EA-2E3DF0197950}"
EndProject
Project("{FAE04EC0-301F-11D3-BF4B-00C04F79EFBC}") = "13.Tour", "13.Tour\13.Tour.csproj", "{63412B1C-352F-4416-991E-049B39CAF4FE}"
EndProject
Global
	GlobalSection(SolutionConfigurationPlatforms) = preSolution
		Debug|Any CPU = Debug|Any CPU
		Release|Any CPU = Release|Any CPU
	EndGlobalSection
	GlobalSection(ProjectConfigurationPlatforms) = postSolution
		{C0F1A315-66A0-4658-9FFA-7F9112FBB785}.Debug|Any CPU.ActiveCfg = Debug|Any CPU
		{C0F1A315-66A0-4658-9FFA-7F9112FBB785}.Debug|Any CPU.Build.0 = Debug|Any CPU
		{C0F1A315-66A0-4658-9FFA-7F9112FBB785}.Release|Any CPU.ActiveCfg = Release|Any CPU
		{C0F1A315-66A0-4658-9FFA-7F9112FBB785}.Release|Any CPU.Build.0 = Release|Any CPU
		{966FB284-4CCB-4E05-A7F9-52B4B68CC3E8}.Debug|Any CPU.ActiveCfg = Debug|Any CPU
		{966FB284-4CCB-4E05-A7F9-52B4B68CC3E8}.Debug|Any CPU.Build.0 = Debug|Any CPU
		{966FB284-4CCB-4E05-A7F9-52B4B68CC3E8}.Release|Any CPU.ActiveCfg = Release|Any CPU
		{966FB284-4CCB-4E05-A7F9-52B4B68CC3E8}.Release|Any CPU.Build.0 = Release|Any CPU
		{C2250A67-88BE-4004-9C42-DF4E60FF663D}.Debug|Any CPU.ActiveCfg = Debug|Any CPU
		{C2250A67-88BE-4004-9C42-DF4E60FF663D}.Debug|Any CPU.Build.0 = Debug|Any CPU
		{C2250A67-88BE-4004-9C42-DF4E60FF663D}.Release|Any CPU.ActiveCfg = Release|Any CPU
		{C2250A67-88BE-4004-9C42-DF4E60FF663D}.Release|Any CPU.Build.0 = Release|Any CPU
		{CC180145-C4B1-4F73-ABC0-4C56A2C74A23}.Debug|Any CPU.ActiveCfg = Debug|Any CPU
		{CC180145-C4B1-4F73-ABC0-4C56A2C74A23}.Debug|Any CPU.Build.0 = Debug|Any CPU
		{CC180145-C4B1-4F73-ABC0-4C56A2C74A23}.Release|Any CPU.ActiveCfg = Release|Any CPU
		{CC180145-C4B1-4F73-ABC0-4C56A2C74A23}.Release|Any CPU.Build.0 = Release|Any CPU
		{759876FA-7DBB-4FEF-AF5C-F66608217D12}.Debug|Any CPU.ActiveCfg = Debug|Any CPU
		{759876FA-7DBB-4FEF-AF5C-F66608217D12}.Debug|Any CPU.Build.0 = Debug|Any CPU
		{759876FA-7DBB-4FEF-AF5C-F66608217D12}.Release|Any CPU.ActiveCfg = Release|Any CPU
		{759876FA-7DBB-4FEF-AF5C-F66608217D12}.Release|Any CPU.Build.0 = Release|Any CPU
		{5D0E2798-A1A3-46CA-BD14-B2C4942067B6}.Debug|Any CPU.ActiveCfg = Debug|Any CPU
		{5D0E2798-A1A3-46CA-BD14-B2C4942067B6}.Debug|Any CPU.Build.0 = Debug|Any CPU
		{5D0E2798-A1A3-46CA-BD14-B2C4942067B6}.Release|Any CPU.ActiveCfg = Release|Any CPU
		{5D0E2798-A1A3-46CA-BD14-B2C4942067B6}.Release|Any CPU.Build.0 = Release|Any CPU
		{CBCE00AB-0F78-467E-B012-253CBCDB5CA9}.Debug|Any CPU.ActiveCfg = Debug|Any CPU
		{CBCE00AB-0F78-467E-B012-253CBCDB5CA9}.Debug|Any CPU.Build.0 = Debug|Any CPU
		{CBCE00AB-0F78-467E-B012-253CBCDB5CA9}.Release|Any CPU.ActiveCfg = Release|Any CPU
		{CBCE00AB-0F78-467E-B012-253CBCDB5CA9}.Release|Any CPU.Build.0 = Release|Any CPU
		{1F826A0F-3088-4FB6-9DED-2E8039D0F928}.Debug|Any CPU.ActiveCfg = Debug|Any CPU
		{1F826A0F-3088-4FB6-9DED-2E8039D0F928}.Debug|Any CPU.Build.0 = Debug|Any CPU
		{1F826A0F-3088-4FB6-9DED-2E8039D0F928}.Release|Any CPU.ActiveCfg = Release|Any CPU
		{1F826A0F-3088-4FB6-9DED-2E8039D0F928}.Release|Any CPU.Build.0 = Release|Any CPU
		{8E68F236-7A78-445D-8D88-799AE94DB414}.Debug|Any CPU.ActiveCfg = Debug|Any CPU
		{8E68F236-7A78-445D-8D88-799AE94DB414}.Debug|Any CPU.Build.0 = Debug|Any CPU
		{8E68F236-7A78-445D-8D88-799AE94DB414}.Release|Any CPU.ActiveCfg = Release|Any CPU
		{8E68F236-7A78-445D-8D88-799AE94DB414}.Release|Any CPU.Build.0 = Release|Any CPU
		{074A1AA8-B71E-45D0-803D-13A98E20C436}.Debug|Any CPU.ActiveCfg = Debug|Any CPU
		{074A1AA8-B71E-45D0-803D-13A98E20C436}.Debug|Any CPU.Build.0 = Debug|Any CPU
		{074A1AA8-B71E-45D0-803D-13A98E20C436}.Release|Any CPU.ActiveCfg = Release|Any CPU
		{074A1AA8-B71E-45D0-803D-13A98E20C436}.Release|Any CPU.Build.0 = Release|Any CPU
		{CD3D60F5-F2A5-4608-A1C5-F99EF7FA0384}.Debug|Any CPU.ActiveCfg = Debug|Any CPU
		{CD3D60F5-F2A5-4608-A1C5-F99EF7FA0384}.Debug|Any CPU.Build.0 = Debug|Any CPU
		{CD3D60F5-F2A5-4608-A1C5-F99EF7FA0384}.Release|Any CPU.ActiveCfg = Release|Any CPU
		{CD3D60F5-F2A5-4608-A1C5-F99EF7FA0384}.Release|Any CPU.Build.0 = Release|Any CPU
		{06D12634-973D-4D89-B8EA-2E3DF0197950}.Debug|Any CPU.ActiveCfg = Debug|Any CPU
		{06D12634-973D-4D89-B8EA-2E3DF0197950}.Debug|Any CPU.Build.0 = Debug|Any CPU
		{06D12634-973D-4D89-B8EA-2E3DF0197950}.Release|Any CPU.ActiveCfg = Release|Any CPU
		{06D12634-973D-4D89-B8EA-2E3DF0197950}.Release|Any CPU.Build.0 = Release|Any CPU
		{63412B1C-352F-4416-991E-049B39CAF4FE}.Debug|Any CPU.ActiveCfg = Debug|Any CPU
		{63412B1C-352F-4416-991E-049B39CAF4FE}.Debug|Any CPU.Build.0 = Debug|Any CPU
		{63412B1C-352F-4416-991E-049B39CAF4FE}.Release|Any CPU.ActiveCfg = Release|Any CPU
		{63412B1C-352F-4416-991E-049B39CAF4FE}.Release|Any CPU.Build.0 = Release|Any CPU
	EndGlobalSection
	GlobalSection(SolutionProperties) = preSolution
		HideSolutionNode = FALSE
	EndGlobalSection
EndGlobal
